{
  "version": 4,
  "terraform_version": "1.4.6",
  "serial": 6,
  "lineage": "ce0bbb4a-6983-0f39-c162-d1254966ec04",
  "outputs": {
    "aws_ec2_info": {
      "value": {
        "ami": "ubuntu-ad3290",
        "instances": 4,
        "keys": [
          "key1.pem",
          "key2.pem"
        ],
        "name": "test_ec2_instance"
      },
      "type": [
        "object",
        {
          "ami": "string",
          "instances": "number",
          "keys": [
            "list",
            "string"
          ],
          "name": "string"
        }
      ]
    },
    "import": {
      "value": "dev inputed2",
      "type": "string"
    },
    "json_instances_info": {
      "value": 4,
      "type": "number"
    },
    "json_name_info": {
      "value": "ec2 instance",
      "type": "string"
    }
  },
  "resources": [
    {
      "mode": "managed",
      "type": "local_file",
      "name": "auto",
      "provider": "provider[\"registry.terraform.io/hashicorp/local\"]",
      "instances": [
        {
          "schema_version": 0,
          "attributes": {
            "content": "this will generate text...",
            "content_base64": null,
            "content_base64sha256": "tgvQMoDOu6ohC+2qTfj76oYZjuDIYUBFXZ+b2EqgpzU=",
            "content_base64sha512": "q/NnthnS5il/MW5egQLV5VIcIpKZoK4iyNk/KQVmV0G6zgPr40sL1rEoQnccnVVQLR2UlRV0wtEy+3L58KOi4g==",
            "content_md5": "303d863e2527efce6e2e05c2c3e629a4",
            "content_sha1": "b96d1ab94750e8cf1832c1ac34ccaab2bdb22511",
            "content_sha256": "b60bd03280cebbaa210bedaa4df8fbea86198ee0c86140455d9f9bd84aa0a735",
            "content_sha512": "abf367b619d2e6297f316e5e8102d5e5521c229299a0ae22c8d93f2905665741bace03ebe34b0bd6b12842771c9d55502d1d94951574c2d132fb72f9f0a3a2e2",
            "directory_permission": "0777",
            "file_permission": "0777",
            "filename": "/media/goku/985b1c56-53fe-43c7-b6b8-8be304595cd7/Downloads/Devops/TrainWithShubham/Free Terraform Course/practice/terraform-auto-generated.txt",
            "id": "b96d1ab94750e8cf1832c1ac34ccaab2bdb22511",
            "sensitive_content": null,
            "source": null
          },
          "sensitive_attributes": []
        }
      ]
    },
    {
      "mode": "managed",
      "type": "local_file",
      "name": "auto1",
      "provider": "provider[\"registry.terraform.io/hashicorp/local\"]",
      "instances": [
        {
          "schema_version": 0,
          "attributes": {
            "content": "dfald;lfg1",
            "content_base64": null,
            "content_base64sha256": "cMJ7/sd7jFX7zpDZfRcC31MTKawSSRvpIGlx1ga2how=",
            "content_base64sha512": "gVA0knJI7sNsihfMFpzdWUSZPVsXufVVMPoJKcu6Z6NnHNd/nEGUumz4tE45hrbV50gwmRLPTw/un/25j44h5Q==",
            "content_md5": "66983e649a60af1798649cc6acbb43e2",
            "content_sha1": "63e66861b7b142157f3c24336ad142006576682b",
            "content_sha256": "70c27bfec77b8c55fbce90d97d1702df531329ac12491be9206971d606b6868c",
            "content_sha512": "815034927248eec36c8a17cc169cdd5944993d5b17b9f55530fa0929cbba67a3671cd77f9c4194ba6cf8b44e3986b6d5e748309912cf4f0fee9ffdb98f8e21e5",
            "directory_permission": "0777",
            "file_permission": "0777",
            "filename": "/media/goku/985b1c56-53fe-43c7-b6b8-8be304595cd7/Downloads/Devops/TrainWithShubham/Free Terraform Course/practice/content1.txt",
            "id": "63e66861b7b142157f3c24336ad142006576682b",
            "sensitive_content": null,
            "source": null
          },
          "sensitive_attributes": []
        }
      ]
    },
    {
      "mode": "managed",
      "type": "local_file",
      "name": "auto2",
      "provider": "provider[\"registry.terraform.io/hashicorp/local\"]",
      "instances": [
        {
          "schema_version": 0,
          "attributes": {
            "content": "gafdsagdfa2",
            "content_base64": null,
            "content_base64sha256": "Dz7XVEHL6GYHxE8OfX2RYSqreP3AMaT0tP+3J6qVt8A=",
            "content_base64sha512": "c8g2cmLkT8skMWFtGhVGo97hXlMA2ezQL29WUilo/CMNwePBX66gt73Weu3pq5qrswh2hrXZi6CfHeS2KviD3w==",
            "content_md5": "56cf950849689519c355165d2ddd7607",
            "content_sha1": "b6bfaafcb6f87633d806e9cc45c596d05ad21722",
            "content_sha256": "0f3ed75441cbe86607c44f0e7d7d91612aab78fdc031a4f4b4ffb727aa95b7c0",
            "content_sha512": "73c8367262e44fcb2431616d1a1546a3dee15e5300d9ecd02f6f56522968fc230dc1e3c15faea0b7bdd67aede9ab9aabb3087686b5d98ba09f1de4b62af883df",
            "directory_permission": "0777",
            "file_permission": "0777",
            "filename": "/media/goku/985b1c56-53fe-43c7-b6b8-8be304595cd7/Downloads/Devops/TrainWithShubham/Free Terraform Course/practice/content2.txt",
            "id": "b6bfaafcb6f87633d806e9cc45c596d05ad21722",
            "sensitive_content": null,
            "source": null
          },
          "sensitive_attributes": []
        }
      ]
    },
    {
      "mode": "managed",
      "type": "local_file",
      "name": "auto3",
      "provider": "provider[\"registry.terraform.io/hashicorp/local\"]",
      "instances": [
        {
          "schema_version": 0,
          "attributes": {
            "content": "dfald;lfg1",
            "content_base64": null,
            "content_base64sha256": "cMJ7/sd7jFX7zpDZfRcC31MTKawSSRvpIGlx1ga2how=",
            "content_base64sha512": "gVA0knJI7sNsihfMFpzdWUSZPVsXufVVMPoJKcu6Z6NnHNd/nEGUumz4tE45hrbV50gwmRLPTw/un/25j44h5Q==",
            "content_md5": "66983e649a60af1798649cc6acbb43e2",
            "content_sha1": "63e66861b7b142157f3c24336ad142006576682b",
            "content_sha256": "70c27bfec77b8c55fbce90d97d1702df531329ac12491be9206971d606b6868c",
            "content_sha512": "815034927248eec36c8a17cc169cdd5944993d5b17b9f55530fa0929cbba67a3671cd77f9c4194ba6cf8b44e3986b6d5e748309912cf4f0fee9ffdb98f8e21e5",
            "directory_permission": "0777",
            "file_permission": "0777",
            "filename": "/media/goku/985b1c56-53fe-43c7-b6b8-8be304595cd7/Downloads/Devops/TrainWithShubham/Free Terraform Course/practice/list1.txt",
            "id": "63e66861b7b142157f3c24336ad142006576682b",
            "sensitive_content": null,
            "source": null
          },
          "sensitive_attributes": []
        }
      ]
    },
    {
      "mode": "managed",
      "type": "local_file",
      "name": "auto4",
      "provider": "provider[\"registry.terraform.io/hashicorp/local\"]",
      "instances": [
        {
          "schema_version": 0,
          "attributes": {
            "content": "gafdsagdfa2",
            "content_base64": null,
            "content_base64sha256": "Dz7XVEHL6GYHxE8OfX2RYSqreP3AMaT0tP+3J6qVt8A=",
            "content_base64sha512": "c8g2cmLkT8skMWFtGhVGo97hXlMA2ezQL29WUilo/CMNwePBX66gt73Weu3pq5qrswh2hrXZi6CfHeS2KviD3w==",
            "content_md5": "56cf950849689519c355165d2ddd7607",
            "content_sha1": "b6bfaafcb6f87633d806e9cc45c596d05ad21722",
            "content_sha256": "0f3ed75441cbe86607c44f0e7d7d91612aab78fdc031a4f4b4ffb727aa95b7c0",
            "content_sha512": "73c8367262e44fcb2431616d1a1546a3dee15e5300d9ecd02f6f56522968fc230dc1e3c15faea0b7bdd67aede9ab9aabb3087686b5d98ba09f1de4b62af883df",
            "directory_permission": "0777",
            "file_permission": "0777",
            "filename": "/media/goku/985b1c56-53fe-43c7-b6b8-8be304595cd7/Downloads/Devops/TrainWithShubham/Free Terraform Course/practice/list2.txt",
            "id": "b6bfaafcb6f87633d806e9cc45c596d05ad21722",
            "sensitive_content": null,
            "source": null
          },
          "sensitive_attributes": []
        }
      ]
    }
  ],
  "check_results": null
}
